
Microsoft Visual Studio Solution File, Format Version 12.00
# Visual Studio Version 17
VisualStudioVersion = 17.2.32526.322
MinimumVisualStudioVersion = 10.0.40219.1
Project("{FAE04EC0-301F-11D3-BF4B-00C04F79EFBC}") = "subtext-finder-test", "subtext-finder\subtext-finder-test.csproj", "{FC1740FB-3253-4294-A2EF-33224C46D69E}"
EndProject
Project("{FAE04EC0-301F-11D3-BF4B-00C04F79EFBC}") = "subtext-finder-lib", "subtext-finder-lib\subtext-finder-lib.csproj", "{DE544D58-CAEA-4C33-80B4-DF44AB5BE0AD}"
EndProject
Project("{FAE04EC0-301F-11D3-BF4B-00C04F79EFBC}") = "subtext-finder-api", "subtext-finder-api\subtext-finder-api.csproj", "{A8E2C689-7D1F-45C6-8C88-C4D282A27F76}"
EndProject
Global
	GlobalSection(SolutionConfigurationPlatforms) = preSolution
		Debug|Any CPU = Debug|Any CPU
		Release|Any CPU = Release|Any CPU
	EndGlobalSection
	GlobalSection(ProjectConfigurationPlatforms) = postSolution
		{FC1740FB-3253-4294-A2EF-33224C46D69E}.Debug|Any CPU.ActiveCfg = Debug|Any CPU
		{FC1740FB-3253-4294-A2EF-33224C46D69E}.Debug|Any CPU.Build.0 = Debug|Any CPU
		{FC1740FB-3253-4294-A2EF-33224C46D69E}.Release|Any CPU.ActiveCfg = Release|Any CPU
		{FC1740FB-3253-4294-A2EF-33224C46D69E}.Release|Any CPU.Build.0 = Release|Any CPU
		{DE544D58-CAEA-4C33-80B4-DF44AB5BE0AD}.Debug|Any CPU.ActiveCfg = Debug|Any CPU
		{DE544D58-CAEA-4C33-80B4-DF44AB5BE0AD}.Debug|Any CPU.Build.0 = Debug|Any CPU
		{DE544D58-CAEA-4C33-80B4-DF44AB5BE0AD}.Release|Any CPU.ActiveCfg = Release|Any CPU
		{DE544D58-CAEA-4C33-80B4-DF44AB5BE0AD}.Release|Any CPU.Build.0 = Release|Any CPU
		{A8E2C689-7D1F-45C6-8C88-C4D282A27F76}.Debug|Any CPU.ActiveCfg = Debug|Any CPU
		{A8E2C689-7D1F-45C6-8C88-C4D282A27F76}.Debug|Any CPU.Build.0 = Debug|Any CPU
		{A8E2C689-7D1F-45C6-8C88-C4D282A27F76}.Release|Any CPU.ActiveCfg = Release|Any CPU
		{A8E2C689-7D1F-45C6-8C88-C4D282A27F76}.Release|Any CPU.Build.0 = Release|Any CPU
	EndGlobalSection
	GlobalSection(SolutionProperties) = preSolution
		HideSolutionNode = FALSE
	EndGlobalSection
	GlobalSection(ExtensibilityGlobals) = postSolution
		SolutionGuid = {92647A97-6EFE-4751-8246-8FC2A5772E5C}
	EndGlobalSection
EndGlobal
